{
  "requires": true,
  "lockfileVersion": 1,
  "dependencies": {
    "@syncfusion/ej2-base": {
      "version": "19.3.57",
      "resolved": "https://registry.npmjs.org/@syncfusion/ej2-base/-/ej2-base-19.3.57.tgz",
      "integrity": "sha512-zidOG4IuWk75AzulLM2qqoHOlQsdu/ICPb2x92Bzjeq5ol2fqY1Yy26+rqhDY8NJllOBGdtsRmUCGyjN4E3MRA==",
      "requires": {
        "@syncfusion/ej2-icons": "~19.3.53"
      }
    },
    "@syncfusion/ej2-buttons": {
      "version": "19.3.53",
      "resolved": "https://registry.npmjs.org/@syncfusion/ej2-buttons/-/ej2-buttons-19.3.53.tgz",
      "integrity": "sha512-abWqinbJL7nftz6alzvvyQRH/LOM6rDUwQ9ZY9CnPga6OkKfe57XGwt1rn6F/LsjgtLVxmykIPSdKlJBe8Q/vQ==",
      "requires": {
        "@syncfusion/ej2-base": "~19.3.53"
      }
    },
    "@syncfusion/ej2-calendars": {
      "version": "19.3.56",
      "resolved": "https://registry.npmjs.org/@syncfusion/ej2-calendars/-/ej2-calendars-19.3.56.tgz",
      "integrity": "sha512-XJj4Bl6hl3M5e+VAMOh5/JM3uR1C6v2unCl3JuHk+lCV+WLWcaboBC3XB2ZsZ0Sni2snSi25+yk8K3Ia9LiY5g==",
      "requires": {
        "@syncfusion/ej2-base": "~19.3.56",
        "@syncfusion/ej2-buttons": "~19.3.53",
        "@syncfusion/ej2-inputs": "~19.3.53",
        "@syncfusion/ej2-lists": "~19.3.53",
        "@syncfusion/ej2-popups": "~19.3.53"
      }
    },
    "@syncfusion/ej2-compression": {
      "version": "19.3.53",
      "resolved": "https://registry.npmjs.org/@syncfusion/ej2-compression/-/ej2-compression-19.3.53.tgz",
      "integrity": "sha512-AzFdUBKpB/4I6Okn/5P1s+o+i856LYRWNyw/xWp+BUQd/1/NhcBdBVDX/F/dx06RtYm8fHNJjyZe91CkK6ROjA==",
      "requires": {
        "@syncfusion/ej2-file-utils": "~19.3.53"
      }
    },
    "@syncfusion/ej2-data": {
      "version": "19.3.57",
      "resolved": "https://registry.npmjs.org/@syncfusion/ej2-data/-/ej2-data-19.3.57.tgz",
      "integrity": "sha512-u+7npaSuxJn4RRIjI3lZuGjziz1Dtay0xsv73oknn99pWxZBAEAJrk//Of97SiNKe/kkw1+DtML9ikf3mmbBOA==",
      "requires": {
        "@syncfusion/ej2-base": "~19.3.56"
      }
    },
    "@syncfusion/ej2-dropdowns": {
      "version": "19.3.56",
      "resolved": "https://registry.npmjs.org/@syncfusion/ej2-dropdowns/-/ej2-dropdowns-19.3.56.tgz",
      "integrity": "sha512-rAVTJY6lbM6a3O621jJV3P1zrTzO0vI0dr3hsrgvgnhEiRebqxootmbzCiogpOCU5VLMIHDrWXMspJUBrE7tlQ==",
      "requires": {
        "@syncfusion/ej2-base": "~19.3.56",
        "@syncfusion/ej2-data": "~19.3.56",
        "@syncfusion/ej2-inputs": "~19.3.53",
        "@syncfusion/ej2-lists": "~19.3.53",
        "@syncfusion/ej2-navigations": "~19.3.56",
        "@syncfusion/ej2-popups": "~19.3.53"
      }
    },
    "@syncfusion/ej2-excel-export": {
      "version": "19.3.56",
      "resolved": "https://registry.npmjs.org/@syncfusion/ej2-excel-export/-/ej2-excel-export-19.3.56.tgz",
      "integrity": "sha512-xjzsLJLQgoZhkweyVeAnbL0/54Ih3Rh6CbWbVURuujnpMyJnIOJ8y9OFMF1Ff0oPiIr4KBWI+6uUuKnOxbroZQ==",
      "requires": {
        "@syncfusion/ej2-base": "~19.3.56",
        "@syncfusion/ej2-compression": "~19.3.53"
      }
    },
    "@syncfusion/ej2-file-utils": {
      "version": "19.3.53",
      "resolved": "https://registry.npmjs.org/@syncfusion/ej2-file-utils/-/ej2-file-utils-19.3.53.tgz",
      "integrity": "sha512-s9Ool8eU913pQWt4GKEEYEgkKZDJqTpbWo6vfXNE+3GEAOO38F+MbuMfAgM6aFiJMWXWxPJO1/koQt3aF6WRZg=="
    },
    "@syncfusion/ej2-icons": {
      "version": "19.3.53",
      "resolved": "https://registry.npmjs.org/@syncfusion/ej2-icons/-/ej2-icons-19.3.53.tgz",
      "integrity": "sha512-W4+JkzTurFcpCfrgdD/0uDX4LQ/OSez/Kx5qm0ZGaWHBCWdUy9+qvBeZGpl8Yv+iuvOvuVpdqilpZ/RoCSnWvQ=="
    },
    "@syncfusion/ej2-inputs": {
      "version": "19.3.57",
      "resolved": "https://registry.npmjs.org/@syncfusion/ej2-inputs/-/ej2-inputs-19.3.57.tgz",
      "integrity": "sha512-CTISfVXMQ9kqICmKYsTt8gAharyBa1RKGJw5Vy3dfa6jzYnzCrd3LCC5xSGXXnoi1Jni0cJfADYqwRdwoBPuIQ==",
      "requires": {
        "@syncfusion/ej2-base": "~19.3.56",
        "@syncfusion/ej2-buttons": "~19.3.53",
        "@syncfusion/ej2-popups": "~19.3.57",
        "@syncfusion/ej2-splitbuttons": "~19.3.53"
      }
    },
    "@syncfusion/ej2-lists": {
      "version": "19.3.53",
      "resolved": "https://registry.npmjs.org/@syncfusion/ej2-lists/-/ej2-lists-19.3.53.tgz",
      "integrity": "sha512-iq/M/nMhKxWUBkNHddkubA+v+19vn1bGb2xEAawPn5zFbfeqGsm+eMa5+5UF73Q6VSxs6M1UJcq3TmIpMFRtVw==",
      "requires": {
        "@syncfusion/ej2-base": "~19.3.53",
        "@syncfusion/ej2-buttons": "~19.3.53",
        "@syncfusion/ej2-data": "~19.3.53"
      }
    },
    "@syncfusion/ej2-navigations": {
      "version": "19.3.57",
      "resolved": "https://registry.npmjs.org/@syncfusion/ej2-navigations/-/ej2-navigations-19.3.57.tgz",
      "integrity": "sha512-dAWiXiB/MD4VU1zVZ3j1aKiY1NiYwxhgbVC4JI+8gmAAsNvKPCt0AubiiavG9qKm2iV+Wzhd7PCpxxrfs+scfQ==",
      "requires": {
        "@syncfusion/ej2-base": "~19.3.56",
        "@syncfusion/ej2-buttons": "~19.3.53",
        "@syncfusion/ej2-data": "~19.3.57",
        "@syncfusion/ej2-inputs": "~19.3.57",
        "@syncfusion/ej2-lists": "~19.3.53",
        "@syncfusion/ej2-popups": "~19.3.57"
      }
    },
    "@syncfusion/ej2-popups": {
      "version": "19.3.57",
      "resolved": "https://registry.npmjs.org/@syncfusion/ej2-popups/-/ej2-popups-19.3.57.tgz",
      "integrity": "sha512-21HX00hnOs4jYpvrGocAXNMG7p5Hs2kzdfw1KbzUoDuBv1mf/1uLNi/w/arOUMj+hD8AeGxAuN8/G9nCr7Ox6A==",
      "requires": {
        "@syncfusion/ej2-base": "~19.3.56",
        "@syncfusion/ej2-buttons": "~19.3.53"
      }
    },
    "@syncfusion/ej2-react-base": {
      "version": "19.3.57",
      "resolved": "https://registry.npmjs.org/@syncfusion/ej2-react-base/-/ej2-react-base-19.3.57.tgz",
      "integrity": "sha512-0QfJ4U7Ln477naASa4wPipfDZGcCdDoRyyIM7GUHRcljWmuJHd3Zbo4maWmOh8WH01d/lczW+EZVTtiDQTSv1g==",
      "requires": {
        "@syncfusion/ej2-base": "~19.3.56"
      }
    },
    "@syncfusion/ej2-react-schedule": {
      "version": "19.3.55",
      "resolved": "https://registry.npmjs.org/@syncfusion/ej2-react-schedule/-/ej2-react-schedule-19.3.55.tgz",
      "integrity": "sha512-jnnk4XEy4InapWnkjQ3sVG2d+ST5TcA8cJnBHKiLsnEzJ0vhznVeDboEVzXeQ2tFJvjYCMkfm3bcTHg9dcKu1g==",
      "requires": {
        "@syncfusion/ej2-base": "~19.3.54",
        "@syncfusion/ej2-react-base": "~19.3.53",
        "@syncfusion/ej2-schedule": "19.3.55"
      }
    },
    "@syncfusion/ej2-schedule": {
      "version": "19.3.55",
      "resolved": "https://registry.npmjs.org/@syncfusion/ej2-schedule/-/ej2-schedule-19.3.55.tgz",
      "integrity": "sha512-IrT+5cEMmStRCodu7H0fUvsLnSWsXuh9WWOSRH2Cm1/v2DKPt3UiYIjsb1NQR/6wXg8G6PUvoxaYRYh7LPu/VQ==",
      "requires": {
        "@syncfusion/ej2-base": "~19.3.54",
        "@syncfusion/ej2-buttons": "~19.3.53",
        "@syncfusion/ej2-calendars": "~19.3.55",
        "@syncfusion/ej2-data": "~19.3.53",
        "@syncfusion/ej2-dropdowns": "~19.3.55",
        "@syncfusion/ej2-excel-export": "~19.3.53",
        "@syncfusion/ej2-inputs": "~19.3.53",
        "@syncfusion/ej2-lists": "~19.3.53",
        "@syncfusion/ej2-navigations": "~19.3.54",
        "@syncfusion/ej2-popups": "~19.3.53"
      }
    },
    "@syncfusion/ej2-splitbuttons": {
      "version": "19.3.53",
      "resolved": "https://registry.npmjs.org/@syncfusion/ej2-splitbuttons/-/ej2-splitbuttons-19.3.53.tgz",
      "integrity": "sha512-HOFBRW6M1PN83fAEZz8r/YahDntvssKfdk2nWRI6iqgwhjicmWLw1ihMSOyAvMZGrQf56hmBVAWUL/XKuK+lkA==",
      "requires": {
        "@syncfusion/ej2-base": "~19.3.53",
        "@syncfusion/ej2-popups": "~19.3.53"
      }
    }
  }
}
